<?xml version="1.0" encoding="UTF-8"?>
<Solution>
	<Configurations>
		<BuildType Name="Debug"/>
		<BuildType Name="Release"/>
		<BuildType Name="MinSizeRel"/>
		<BuildType Name="RelWithDebInfo"/>
		<Platform Name="x64"/>
	</Configurations>
	<Project Path="ALL_BUILD.vcxproj" Type="8bc9ceb8-8b4a-11d0-8d11-00a0c91bc942" Id="a95581c0-9036-3409-9212-f1885eed8032" DefaultStartup="true">
		<BuildDependency Project="ZERO_CHECK.vcxproj"/>
		<BuildDependency Project="src/engine.vcxproj"/>
		<BuildDependency Project="third_party/fastgltf/fastgltf.vcxproj"/>
		<BuildDependency Project="third_party/fastgltf/fastgltf_simdjson.vcxproj"/>
		<BuildDependency Project="third_party/imgui.vcxproj"/>
		<BuildDependency Project="third_party/vkbootstrap.vcxproj"/>
	</Project>
	<Project Path="INSTALL.vcxproj" Type="8bc9ceb8-8b4a-11d0-8d11-00a0c91bc942" Id="dd088b98-2670-3b91-96f2-0ff3e21f4175">
		<BuildDependency Project="ALL_BUILD.vcxproj"/>
		<BuildDependency Project="ZERO_CHECK.vcxproj"/>
		<Build Solution="Debug|*" Project="false"/>
		<Build Solution="Release|*" Project="false"/>
		<Build Solution="MinSizeRel|*" Project="false"/>
		<Build Solution="RelWithDebInfo|*" Project="false"/>
	</Project>
	<Project Path="Shaders.vcxproj" Type="8bc9ceb8-8b4a-11d0-8d11-00a0c91bc942" Id="ea39a094-1860-3d33-9f0b-25b44e3cae7c">
		<BuildDependency Project="ZERO_CHECK.vcxproj"/>
		<Build Solution="Debug|*" Project="false"/>
		<Build Solution="Release|*" Project="false"/>
		<Build Solution="MinSizeRel|*" Project="false"/>
		<Build Solution="RelWithDebInfo|*" Project="false"/>
	</Project>
	<Project Path="ZERO_CHECK.vcxproj" Type="8bc9ceb8-8b4a-11d0-8d11-00a0c91bc942" Id="c554a11c-59c8-3a68-a479-2169402ba3e2"/>
	<Project Path="src/engine.vcxproj" Type="8bc9ceb8-8b4a-11d0-8d11-00a0c91bc942" Id="3ca81ae1-c1e1-342f-9f0c-6ec00335ffc9">
		<BuildDependency Project="ZERO_CHECK.vcxproj"/>
		<BuildDependency Project="third_party/fastgltf/fastgltf.vcxproj"/>
		<BuildDependency Project="third_party/fastgltf/fastgltf_simdjson.vcxproj"/>
		<BuildDependency Project="third_party/fmt/fmt.vcxproj"/>
		<BuildDependency Project="third_party/imgui.vcxproj"/>
		<BuildDependency Project="third_party/vkbootstrap.vcxproj"/>
	</Project>
	<Project Path="third_party/fastgltf/fastgltf.vcxproj" Type="8bc9ceb8-8b4a-11d0-8d11-00a0c91bc942" Id="3eeb1e27-4d1d-3378-a9cd-60e2c1ff4ead">
		<BuildDependency Project="ZERO_CHECK.vcxproj"/>
		<BuildDependency Project="third_party/fastgltf/fastgltf_simdjson.vcxproj"/>
	</Project>
	<Project Path="third_party/fastgltf/fastgltf_simdjson.vcxproj" Type="8bc9ceb8-8b4a-11d0-8d11-00a0c91bc942" Id="207036d6-4dec-319e-b9d0-6694f780d089">
		<BuildDependency Project="ZERO_CHECK.vcxproj"/>
	</Project>
	<Project Path="third_party/fmt/fmt.vcxproj" Type="8bc9ceb8-8b4a-11d0-8d11-00a0c91bc942" Id="037563e7-5e1b-3e2c-b0a7-29cb4632f6b6">
		<BuildDependency Project="ZERO_CHECK.vcxproj"/>
	</Project>
	<Project Path="third_party/imgui.vcxproj" Type="8bc9ceb8-8b4a-11d0-8d11-00a0c91bc942" Id="999c84e3-e442-3833-80a1-0b18e3244526">
		<BuildDependency Project="ZERO_CHECK.vcxproj"/>
	</Project>
	<Project Path="third_party/vkbootstrap.vcxproj" Type="8bc9ceb8-8b4a-11d0-8d11-00a0c91bc942" Id="4636996f-099e-374f-b8e7-de77f5ae1cd3">
		<BuildDependency Project="ZERO_CHECK.vcxproj"/>
	</Project>
</Solution>
