<?xml version="1.0" encoding="utf-8"?>
<Project ToolsVersion="18.0" xmlns="http://schemas.microsoft.com/developer/msbuild/2003">
  <ItemGroup>
    <CustomBuild Include="E:\VULKAN\Kashmir\build-vim\CMakeFiles\b1434b1c93ee98d53dd60e41dcb4bc0b\colored_triangle.frag.spv.rule">
      <Filter>CMake Rules</Filter>
    </CustomBuild>
    <CustomBuild Include="E:\VULKAN\Kashmir\build-vim\CMakeFiles\b1434b1c93ee98d53dd60e41dcb4bc0b\colored_triangle.vert.spv.rule">
      <Filter>CMake Rules</Filter>
    </CustomBuild>
    <CustomBuild Include="E:\VULKAN\Kashmir\build-vim\CMakeFiles\b1434b1c93ee98d53dd60e41dcb4bc0b\colored_triangle_mesh.vert.spv.rule">
      <Filter>CMake Rules</Filter>
    </CustomBuild>
    <CustomBuild Include="E:\VULKAN\Kashmir\build-vim\CMakeFiles\b1434b1c93ee98d53dd60e41dcb4bc0b\gradient.comp.spv.rule">
      <Filter>CMake Rules</Filter>
    </CustomBuild>
    <CustomBuild Include="E:\VULKAN\Kashmir\build-vim\CMakeFiles\b1434b1c93ee98d53dd60e41dcb4bc0b\gradient_color.comp.spv.rule">
      <Filter>CMake Rules</Filter>
    </CustomBuild>
    <CustomBuild Include="E:\VULKAN\Kashmir\build-vim\CMakeFiles\b1434b1c93ee98d53dd60e41dcb4bc0b\gradient_color_hlsl.comp.spv.rule">
      <Filter>CMake Rules</Filter>
    </CustomBuild>
    <CustomBuild Include="E:\VULKAN\Kashmir\build-vim\CMakeFiles\b1434b1c93ee98d53dd60e41dcb4bc0b\grid.comp.spv.rule">
      <Filter>CMake Rules</Filter>
    </CustomBuild>
    <CustomBuild Include="E:\VULKAN\Kashmir\build-vim\CMakeFiles\b1434b1c93ee98d53dd60e41dcb4bc0b\grid2.comp.spv.rule">
      <Filter>CMake Rules</Filter>
    </CustomBuild>
    <CustomBuild Include="E:\VULKAN\Kashmir\build-vim\CMakeFiles\b1434b1c93ee98d53dd60e41dcb4bc0b\ground.frag.spv.rule">
      <Filter>CMake Rules</Filter>
    </CustomBuild>
    <CustomBuild Include="E:\VULKAN\Kashmir\build-vim\CMakeFiles\b1434b1c93ee98d53dd60e41dcb4bc0b\ground.vert.spv.rule">
      <Filter>CMake Rules</Filter>
    </CustomBuild>
    <CustomBuild Include="E:\VULKAN\Kashmir\build-vim\CMakeFiles\b1434b1c93ee98d53dd60e41dcb4bc0b\mesh.frag.spv.rule">
      <Filter>CMake Rules</Filter>
    </CustomBuild>
    <CustomBuild Include="E:\VULKAN\Kashmir\build-vim\CMakeFiles\b1434b1c93ee98d53dd60e41dcb4bc0b\mesh.vert.spv.rule">
      <Filter>CMake Rules</Filter>
    </CustomBuild>
    <CustomBuild Include="E:\VULKAN\Kashmir\build-vim\CMakeFiles\b1434b1c93ee98d53dd60e41dcb4bc0b\shapes.hlsl.comp.spv.rule">
      <Filter>CMake Rules</Filter>
    </CustomBuild>
    <CustomBuild Include="E:\VULKAN\Kashmir\build-vim\CMakeFiles\b1434b1c93ee98d53dd60e41dcb4bc0b\sky.comp.spv.rule">
      <Filter>CMake Rules</Filter>
    </CustomBuild>
    <CustomBuild Include="E:\VULKAN\Kashmir\build-vim\CMakeFiles\b1434b1c93ee98d53dd60e41dcb4bc0b\tex_image.frag.spv.rule">
      <Filter>CMake Rules</Filter>
    </CustomBuild>
    <CustomBuild Include="E:\VULKAN\Kashmir\build-vim\CMakeFiles\b1434b1c93ee98d53dd60e41dcb4bc0b\tunnel.comp.spv.rule">
      <Filter>CMake Rules</Filter>
    </CustomBuild>
    <CustomBuild Include="E:\VULKAN\Kashmir\build-vim\CMakeFiles\b1434b1c93ee98d53dd60e41dcb4bc0b\update_transform.comp.spv.rule">
      <Filter>CMake Rules</Filter>
    </CustomBuild>
    <CustomBuild Include="E:\VULKAN\Kashmir\build-vim\CMakeFiles\7e31ed970ca406669bed91f0f4eed411\Shaders.rule">
      <Filter>CMake Rules</Filter>
    </CustomBuild>
    <CustomBuild Include="E:\VULKAN\Kashmir\CMakeLists.txt" />
  </ItemGroup>
  <ItemGroup>
    <None Include="E:\VULKAN\Kashmir\build-vim\CMakeFiles\Shaders" />
  </ItemGroup>
  <ItemGroup>
    <Filter Include="CMake Rules">
      <UniqueIdentifier>{8FA61934-8285-3362-B4E7-1EE6977D5A6F}</UniqueIdentifier>
    </Filter>
  </ItemGroup>
</Project>
